
Microsoft Visual Studio Solution File, Format Version 12.00
# Visual Studio Version 17
VisualStudioVersion = 17.6.33829.357
MinimumVisualStudioVersion = 10.0.40219.1
Project("{FAE04EC0-301F-11D3-BF4B-00C04F79EFBC}") = "NguyenHoangThuyen_14_ThiCSharp", "NguyenHoangThuyen_14_ThiCSharp.csproj", "{96506EEE-BF26-4712-B9E5-300B3B8FC674}"
EndProject
Global
	GlobalSection(SolutionConfigurationPlatforms) = preSolution
		Debug|Any CPU = Debug|Any CPU
		Release|Any CPU = Release|Any CPU
	EndGlobalSection
	GlobalSection(ProjectConfigurationPlatforms) = postSolution
		{96506EEE-BF26-4712-B9E5-300B3B8FC674}.Debug|Any CPU.ActiveCfg = Debug|Any CPU
		{96506EEE-BF26-4712-B9E5-300B3B8FC674}.Debug|Any CPU.Build.0 = Debug|Any CPU
		{96506EEE-BF26-4712-B9E5-300B3B8FC674}.Release|Any CPU.ActiveCfg = Release|Any CPU
		{96506EEE-BF26-4712-B9E5-300B3B8FC674}.Release|Any CPU.Build.0 = Release|Any CPU
	EndGlobalSection
	GlobalSection(SolutionProperties) = preSolution
		HideSolutionNode = FALSE
	EndGlobalSection
	GlobalSection(ExtensibilityGlobals) = postSolution
		SolutionGuid = {4C5AE88E-E538-4D66-8764-3EE1FC9C99DD}
	EndGlobalSection
EndGlobal
